
Microsoft Visual Studio Solution File, Format Version 12.00
# Visual Studio Version 17
VisualStudioVersion = 17.10.34928.147
MinimumVisualStudioVersion = 10.0.40219.1
Project("{9A19103F-16F7-4668-BE54-9A1E7A4F7556}") = "Gridazor", "Gridazor\Gridazor.csproj", "{C202DD9F-A1D0-4F97-A3EB-969D504BE7C6}"
EndProject
Project("{9A19103F-16F7-4668-BE54-9A1E7A4F7556}") = "Gridazor.Demo", "Demo\Gridazor.Demo.csproj", "{92F85864-E26E-447A-9D5C-3EB84D2BF09A}"
EndProject
Project("{9A19103F-16F7-4668-BE54-9A1E7A4F7556}") = "Gridazor.Tests", "Gridazor.Tests\Gridazor.Tests.csproj", "{5F6EEAA2-029A-4CBB-86E5-8D4D3D2F4547}"
EndProject
Project("{9A19103F-16F7-4668-BE54-9A1E7A4F7556}") = "Gridazor.Console", "Gridazor.Console\Gridazor.Console.csproj", "{2A9D2F71-EC74-45F2-B37A-BD97C4032E48}"
EndProject
Project("{2150E333-8FDC-42A3-9474-1A3956D46DE8}") = "src", "src", "{4F412A88-C76D-42DA-92DB-0642D5059311}"
EndProject
Project("{2150E333-8FDC-42A3-9474-1A3956D46DE8}") = "tests", "tests", "{D5C196E7-09EF-4129-9553-41FBA6896E1F}"
EndProject
Project("{2150E333-8FDC-42A3-9474-1A3956D46DE8}") = "examples", "examples", "{8F961424-0D4D-4192-9C72-D85C96F7FF1A}"
EndProject
Global
	GlobalSection(SolutionConfigurationPlatforms) = preSolution
		Debug|Any CPU = Debug|Any CPU
		Release|Any CPU = Release|Any CPU
	EndGlobalSection
	GlobalSection(ProjectConfigurationPlatforms) = postSolution
		{C202DD9F-A1D0-4F97-A3EB-969D504BE7C6}.Debug|Any CPU.ActiveCfg = Debug|Any CPU
		{C202DD9F-A1D0-4F97-A3EB-969D504BE7C6}.Debug|Any CPU.Build.0 = Debug|Any CPU
		{C202DD9F-A1D0-4F97-A3EB-969D504BE7C6}.Release|Any CPU.ActiveCfg = Release|Any CPU
		{C202DD9F-A1D0-4F97-A3EB-969D504BE7C6}.Release|Any CPU.Build.0 = Release|Any CPU
		{92F85864-E26E-447A-9D5C-3EB84D2BF09A}.Debug|Any CPU.ActiveCfg = Debug|Any CPU
		{92F85864-E26E-447A-9D5C-3EB84D2BF09A}.Debug|Any CPU.Build.0 = Debug|Any CPU
		{92F85864-E26E-447A-9D5C-3EB84D2BF09A}.Release|Any CPU.ActiveCfg = Release|Any CPU
		{92F85864-E26E-447A-9D5C-3EB84D2BF09A}.Release|Any CPU.Build.0 = Release|Any CPU
		{5F6EEAA2-029A-4CBB-86E5-8D4D3D2F4547}.Debug|Any CPU.ActiveCfg = Debug|Any CPU
		{5F6EEAA2-029A-4CBB-86E5-8D4D3D2F4547}.Debug|Any CPU.Build.0 = Debug|Any CPU
		{5F6EEAA2-029A-4CBB-86E5-8D4D3D2F4547}.Release|Any CPU.ActiveCfg = Release|Any CPU
		{5F6EEAA2-029A-4CBB-86E5-8D4D3D2F4547}.Release|Any CPU.Build.0 = Release|Any CPU
		{2A9D2F71-EC74-45F2-B37A-BD97C4032E48}.Debug|Any CPU.ActiveCfg = Debug|Any CPU
		{2A9D2F71-EC74-45F2-B37A-BD97C4032E48}.Debug|Any CPU.Build.0 = Debug|Any CPU
		{2A9D2F71-EC74-45F2-B37A-BD97C4032E48}.Release|Any CPU.ActiveCfg = Release|Any CPU
		{2A9D2F71-EC74-45F2-B37A-BD97C4032E48}.Release|Any CPU.Build.0 = Release|Any CPU
	EndGlobalSection
	GlobalSection(SolutionProperties) = preSolution
		HideSolutionNode = FALSE
	EndGlobalSection
	GlobalSection(NestedProjects) = preSolution
		{C202DD9F-A1D0-4F97-A3EB-969D504BE7C6} = {4F412A88-C76D-42DA-92DB-0642D5059311}
		{92F85864-E26E-447A-9D5C-3EB84D2BF09A} = {8F961424-0D4D-4192-9C72-D85C96F7FF1A}
		{5F6EEAA2-029A-4CBB-86E5-8D4D3D2F4547} = {D5C196E7-09EF-4129-9553-41FBA6896E1F}
		{2A9D2F71-EC74-45F2-B37A-BD97C4032E48} = {8F961424-0D4D-4192-9C72-D85C96F7FF1A}
	EndGlobalSection
	GlobalSection(ExtensibilityGlobals) = postSolution
		SolutionGuid = {486AFF30-9449-4DC3-927E-314BCE92471A}
	EndGlobalSection
EndGlobal
